
Microsoft Visual Studio Solution File, Format Version 12.00
# Visual Studio Version 17
VisualStudioVersion = 17.7.34031.279
MinimumVisualStudioVersion = 10.0.40219.1
Project("{FAE04EC0-301F-11D3-BF4B-00C04F79EFBC}") = "Houk_Array", "Houk_Array\Houk_Array.csproj", "{25461959-022C-4B52-B884-D91B8C218643}"
EndProject
Global
	GlobalSection(SolutionConfigurationPlatforms) = preSolution
		Debug|Any CPU = Debug|Any CPU
		Release|Any CPU = Release|Any CPU
	EndGlobalSection
	GlobalSection(ProjectConfigurationPlatforms) = postSolution
		{25461959-022C-4B52-B884-D91B8C218643}.Debug|Any CPU.ActiveCfg = Debug|Any CPU
		{25461959-022C-4B52-B884-D91B8C218643}.Debug|Any CPU.Build.0 = Debug|Any CPU
		{25461959-022C-4B52-B884-D91B8C218643}.Release|Any CPU.ActiveCfg = Release|Any CPU
		{25461959-022C-4B52-B884-D91B8C218643}.Release|Any CPU.Build.0 = Release|Any CPU
	EndGlobalSection
	GlobalSection(SolutionProperties) = preSolution
		HideSolutionNode = FALSE
	EndGlobalSection
	GlobalSection(ExtensibilityGlobals) = postSolution
		SolutionGuid = {0F38FD88-1563-4C22-99E5-E9E2944F6144}
	EndGlobalSection
EndGlobal
